
Microsoft Visual Studio Solution File, Format Version 12.00
# Visual Studio Version 17
VisualStudioVersion = 17.5.002.0
MinimumVisualStudioVersion = 10.0.40219.1
Project("{9A19103F-16F7-4668-BE54-9A1E7A4F7556}") = "Vasters.ForzaBridge", "Vasters.ForzaBridge\Vasters.ForzaBridge.csproj", "{C31ADFBC-1B0F-4E96-8E19-08AB9CD46258}"
EndProject
Project("{2150E333-8FDC-42A3-9474-1A3956D46DE8}") = "Solution Items", "Solution Items", "{6DFA1016-D748-4E96-BA79-EF811B3D6255}"
	ProjectSection(SolutionItems) = preProject
		generate-producer.ps1 = generate-producer.ps1
		README.md = README.md
	EndProjectSection
EndProject
Project("{9A19103F-16F7-4668-BE54-9A1E7A4F7556}") = "Vasters.ForzaBridge.ProducerEventHubsProducer", "vasters.forzabridge.producer\Vasters.ForzaBridge.ProducerEventHubsProducer\src\Vasters.ForzaBridge.ProducerEventHubsProducer.csproj", "{664C5F29-C2D2-43E8-B8D7-E13E51CA40F8}"
EndProject
Project("{9A19103F-16F7-4668-BE54-9A1E7A4F7556}") = "Vasters.ForzaBridge.ProducerEventHubsProducer.Test", "vasters.forzabridge.producer\Vasters.ForzaBridge.ProducerEventHubsProducer\test\Vasters.ForzaBridge.ProducerEventHubsProducer.Test.csproj", "{5E523682-F67F-4E9F-AD0A-ABCD29B1D5B7}"
EndProject
Project("{9A19103F-16F7-4668-BE54-9A1E7A4F7556}") = "Vasters.ForzaBridge.ProducerData", "vasters.forzabridge.producer\Vasters.ForzaBridge.ProducerData\src\Vasters.ForzaBridge.ProducerData.csproj", "{343879EE-84F5-438F-BF88-229B4CB550BA}"
EndProject
Project("{9A19103F-16F7-4668-BE54-9A1E7A4F7556}") = "Vasters.ForzaBridge.ProducerData.Test", "vasters.forzabridge.producer\Vasters.ForzaBridge.ProducerData\test\Vasters.ForzaBridge.ProducerData.Test.csproj", "{72713D91-91F1-45D1-84E6-DD8D20145A7C}"
EndProject
Project("{FAE04EC0-301F-11D3-BF4B-00C04F79EFBC}") = "Vasters.ForzaBridge.Test", "Vasters.ForzaBridge.Test\Vasters.ForzaBridge.Test.csproj", "{962CA56D-AA91-4B20-A4DD-3BB4EAC56F91}"
EndProject
Global
	GlobalSection(SolutionConfigurationPlatforms) = preSolution
		Debug|Any CPU = Debug|Any CPU
		Release|Any CPU = Release|Any CPU
	EndGlobalSection
	GlobalSection(ProjectConfigurationPlatforms) = postSolution
		{C31ADFBC-1B0F-4E96-8E19-08AB9CD46258}.Debug|Any CPU.ActiveCfg = Debug|Any CPU
		{C31ADFBC-1B0F-4E96-8E19-08AB9CD46258}.Debug|Any CPU.Build.0 = Debug|Any CPU
		{C31ADFBC-1B0F-4E96-8E19-08AB9CD46258}.Release|Any CPU.ActiveCfg = Release|Any CPU
		{C31ADFBC-1B0F-4E96-8E19-08AB9CD46258}.Release|Any CPU.Build.0 = Release|Any CPU
		{664C5F29-C2D2-43E8-B8D7-E13E51CA40F8}.Debug|Any CPU.ActiveCfg = Debug|Any CPU
		{664C5F29-C2D2-43E8-B8D7-E13E51CA40F8}.Debug|Any CPU.Build.0 = Debug|Any CPU
		{664C5F29-C2D2-43E8-B8D7-E13E51CA40F8}.Release|Any CPU.ActiveCfg = Release|Any CPU
		{664C5F29-C2D2-43E8-B8D7-E13E51CA40F8}.Release|Any CPU.Build.0 = Release|Any CPU
		{5E523682-F67F-4E9F-AD0A-ABCD29B1D5B7}.Debug|Any CPU.ActiveCfg = Debug|Any CPU
		{5E523682-F67F-4E9F-AD0A-ABCD29B1D5B7}.Debug|Any CPU.Build.0 = Debug|Any CPU
		{5E523682-F67F-4E9F-AD0A-ABCD29B1D5B7}.Release|Any CPU.ActiveCfg = Release|Any CPU
		{5E523682-F67F-4E9F-AD0A-ABCD29B1D5B7}.Release|Any CPU.Build.0 = Release|Any CPU
		{343879EE-84F5-438F-BF88-229B4CB550BA}.Debug|Any CPU.ActiveCfg = Debug|Any CPU
		{343879EE-84F5-438F-BF88-229B4CB550BA}.Debug|Any CPU.Build.0 = Debug|Any CPU
		{343879EE-84F5-438F-BF88-229B4CB550BA}.Release|Any CPU.ActiveCfg = Release|Any CPU
		{343879EE-84F5-438F-BF88-229B4CB550BA}.Release|Any CPU.Build.0 = Release|Any CPU
		{72713D91-91F1-45D1-84E6-DD8D20145A7C}.Debug|Any CPU.ActiveCfg = Debug|Any CPU
		{72713D91-91F1-45D1-84E6-DD8D20145A7C}.Debug|Any CPU.Build.0 = Debug|Any CPU
		{72713D91-91F1-45D1-84E6-DD8D20145A7C}.Release|Any CPU.ActiveCfg = Release|Any CPU
		{72713D91-91F1-45D1-84E6-DD8D20145A7C}.Release|Any CPU.Build.0 = Release|Any CPU
		{962CA56D-AA91-4B20-A4DD-3BB4EAC56F91}.Debug|Any CPU.ActiveCfg = Debug|Any CPU
		{962CA56D-AA91-4B20-A4DD-3BB4EAC56F91}.Debug|Any CPU.Build.0 = Debug|Any CPU
		{962CA56D-AA91-4B20-A4DD-3BB4EAC56F91}.Release|Any CPU.ActiveCfg = Release|Any CPU
		{962CA56D-AA91-4B20-A4DD-3BB4EAC56F91}.Release|Any CPU.Build.0 = Release|Any CPU
	EndGlobalSection
	GlobalSection(SolutionProperties) = preSolution
		HideSolutionNode = FALSE
	EndGlobalSection
	GlobalSection(ExtensibilityGlobals) = postSolution
		SolutionGuid = {BE2C4CCD-3C57-436D-ACBC-C2FAFA661733}
	EndGlobalSection
EndGlobal
